
Microsoft Visual Studio Solution File, Format Version 12.00
# Visual Studio Version 16
VisualStudioVersion = 16.0.30907.101
MinimumVisualStudioVersion = 10.0.40219.1
Project("{2150E333-8FDC-42A3-9474-1A3956D46DE8}") = "Services", "Services", "{03D43526-4F9B-493F-AC03-5E4FAB5E9114}"
EndProject
Project("{2150E333-8FDC-42A3-9474-1A3956D46DE8}") = "Catalog", "Catalog", "{3CADA117-FA88-49BF-B334-F5237C17E046}"
EndProject
Project("{9A19103F-16F7-4668-BE54-9A1E7A4F7556}") = "Catalog.API", "Services\Catalog\Catalog.API\Catalog.API.csproj", "{531BDBE8-9C45-46E0-B474-61D829009DD5}"
EndProject
Project("{E53339B2-1760-4266-BCC7-CA923CBCF16C}") = "docker-compose", "docker-compose.dcproj", "{4597B27A-D35B-4900-B77D-83498128EC47}"
EndProject
Global
	GlobalSection(SolutionConfigurationPlatforms) = preSolution
		Debug|Any CPU = Debug|Any CPU
		Release|Any CPU = Release|Any CPU
	EndGlobalSection
	GlobalSection(ProjectConfigurationPlatforms) = postSolution
		{531BDBE8-9C45-46E0-B474-61D829009DD5}.Debug|Any CPU.ActiveCfg = Debug|Any CPU
		{531BDBE8-9C45-46E0-B474-61D829009DD5}.Debug|Any CPU.Build.0 = Debug|Any CPU
		{531BDBE8-9C45-46E0-B474-61D829009DD5}.Release|Any CPU.ActiveCfg = Release|Any CPU
		{531BDBE8-9C45-46E0-B474-61D829009DD5}.Release|Any CPU.Build.0 = Release|Any CPU
		{4597B27A-D35B-4900-B77D-83498128EC47}.Debug|Any CPU.ActiveCfg = Debug|Any CPU
		{4597B27A-D35B-4900-B77D-83498128EC47}.Debug|Any CPU.Build.0 = Debug|Any CPU
		{4597B27A-D35B-4900-B77D-83498128EC47}.Release|Any CPU.ActiveCfg = Release|Any CPU
		{4597B27A-D35B-4900-B77D-83498128EC47}.Release|Any CPU.Build.0 = Release|Any CPU
	EndGlobalSection
	GlobalSection(SolutionProperties) = preSolution
		HideSolutionNode = FALSE
	EndGlobalSection
	GlobalSection(NestedProjects) = preSolution
		{3CADA117-FA88-49BF-B334-F5237C17E046} = {03D43526-4F9B-493F-AC03-5E4FAB5E9114}
		{531BDBE8-9C45-46E0-B474-61D829009DD5} = {3CADA117-FA88-49BF-B334-F5237C17E046}
	EndGlobalSection
	GlobalSection(ExtensibilityGlobals) = postSolution
		SolutionGuid = {FE932C6B-D248-47F4-B4C2-BE040E54A8E3}
	EndGlobalSection
EndGlobal
